
Microsoft Visual Studio Solution File, Format Version 12.00
# Visual Studio 15
Project("{FAE04EC0-301F-11D3-BF4B-00C04F79EFBC}") = "Assembly-CSharp", "Assembly-CSharp.csproj", "{A6730A1A-CA04-5EB8-2F0C-6ABBE2143DE8}"
EndProject
Project("{FAE04EC0-301F-11D3-BF4B-00C04F79EFBC}") = "Assembly-CSharp-Editor", "Assembly-CSharp-Editor.csproj", "{51C9E75D-E3FF-EBB1-05F8-018C70097B99}"
EndProject
Global
	GlobalSection(SolutionConfigurationPlatforms) = preSolution
		Debug|Any CPU = Debug|Any CPU
		Release|Any CPU = Release|Any CPU
	EndGlobalSection
	GlobalSection(ProjectConfigurationPlatforms) = postSolution
		{A6730A1A-CA04-5EB8-2F0C-6ABBE2143DE8}.Debug|Any CPU.ActiveCfg = Debug|Any CPU
		{A6730A1A-CA04-5EB8-2F0C-6ABBE2143DE8}.Debug|Any CPU.Build.0 = Debug|Any CPU
		{A6730A1A-CA04-5EB8-2F0C-6ABBE2143DE8}.Release|Any CPU.ActiveCfg = Release|Any CPU
		{A6730A1A-CA04-5EB8-2F0C-6ABBE2143DE8}.Release|Any CPU.Build.0 = Release|Any CPU
		{51C9E75D-E3FF-EBB1-05F8-018C70097B99}.Debug|Any CPU.ActiveCfg = Debug|Any CPU
		{51C9E75D-E3FF-EBB1-05F8-018C70097B99}.Debug|Any CPU.Build.0 = Debug|Any CPU
		{51C9E75D-E3FF-EBB1-05F8-018C70097B99}.Release|Any CPU.ActiveCfg = Release|Any CPU
		{51C9E75D-E3FF-EBB1-05F8-018C70097B99}.Release|Any CPU.Build.0 = Release|Any CPU
	EndGlobalSection
	GlobalSection(SolutionProperties) = preSolution
		HideSolutionNode = FALSE
	EndGlobalSection
EndGlobal
